
Microsoft Visual Studio Solution File, Format Version 12.00
# Visual Studio 15
VisualStudioVersion = 15.0.28307.779
MinimumVisualStudioVersion = 10.0.40219.1
Project("{9A19103F-16F7-4668-BE54-9A1E7A4F7556}") = "AccidentallyFastNoise", "AccidentallyFastNoise\AccidentallyFastNoise.csproj", "{841642AD-678D-47CE-B3EF-72B97A3843C5}"
EndProject
Project("{FAE04EC0-301F-11D3-BF4B-00C04F79EFBC}") = "AccidentallyFastNoiseTest", "AccidentallyFastNoiseTest\AccidentallyFastNoiseTest.csproj", "{79A7BEA4-53B7-4974-BD68-44F296C60F07}"
EndProject
Global
	GlobalSection(SolutionConfigurationPlatforms) = preSolution
		Debug|Any CPU = Debug|Any CPU
		Release|Any CPU = Release|Any CPU
	EndGlobalSection
	GlobalSection(ProjectConfigurationPlatforms) = postSolution
		{841642AD-678D-47CE-B3EF-72B97A3843C5}.Debug|Any CPU.ActiveCfg = Debug|Any CPU
		{841642AD-678D-47CE-B3EF-72B97A3843C5}.Debug|Any CPU.Build.0 = Debug|Any CPU
		{841642AD-678D-47CE-B3EF-72B97A3843C5}.Release|Any CPU.ActiveCfg = Release|Any CPU
		{841642AD-678D-47CE-B3EF-72B97A3843C5}.Release|Any CPU.Build.0 = Release|Any CPU
		{79A7BEA4-53B7-4974-BD68-44F296C60F07}.Debug|Any CPU.ActiveCfg = Debug|Any CPU
		{79A7BEA4-53B7-4974-BD68-44F296C60F07}.Debug|Any CPU.Build.0 = Debug|Any CPU
		{79A7BEA4-53B7-4974-BD68-44F296C60F07}.Release|Any CPU.ActiveCfg = Release|Any CPU
		{79A7BEA4-53B7-4974-BD68-44F296C60F07}.Release|Any CPU.Build.0 = Release|Any CPU
	EndGlobalSection
	GlobalSection(SolutionProperties) = preSolution
		HideSolutionNode = FALSE
	EndGlobalSection
	GlobalSection(ExtensibilityGlobals) = postSolution
		SolutionGuid = {5ECD694C-E2B7-48F5-85D5-CDB72C69BAA3}
	EndGlobalSection
EndGlobal
